
Microsoft Visual Studio Solution File, Format Version 12.00
# Visual Studio Version 16
VisualStudioVersion = 16.0.30225.117
MinimumVisualStudioVersion = 10.0.40219.1
Project("{FAE04EC0-301F-11D3-BF4B-00C04F79EFBC}") = "ModMenu", "ModMenu.csproj", "{597D77E9-62B0-4EAE-94CF-CE802FD4AFEA}"
EndProject
Project("{FAE04EC0-301F-11D3-BF4B-00C04F79EFBC}") = "ModApis", "ModApis.csproj", "{A293AD15-1430-4857-AB49-8B360DECB9DE}"
EndProject
Project("{2150E333-8FDC-42A3-9474-1A3956D46DE8}") = "Solution Items", "Solution Items", "{C7309089-E4C9-4036-8E02-9CCA0779072C}"
	ProjectSection(SolutionItems) = preProject
		.editorconfig = .editorconfig
		.gitattributes = .gitattributes
		.gitignore = .gitignore
		README.md = README.md
	EndProjectSection
EndProject
Global
	GlobalSection(SolutionConfigurationPlatforms) = preSolution
		Debug|Any CPU = Debug|Any CPU
		Release|Any CPU = Release|Any CPU
	EndGlobalSection
	GlobalSection(ProjectConfigurationPlatforms) = postSolution
		{597D77E9-62B0-4EAE-94CF-CE802FD4AFEA}.Debug|Any CPU.ActiveCfg = Debug|Any CPU
		{597D77E9-62B0-4EAE-94CF-CE802FD4AFEA}.Debug|Any CPU.Build.0 = Debug|Any CPU
		{597D77E9-62B0-4EAE-94CF-CE802FD4AFEA}.Release|Any CPU.ActiveCfg = Release|Any CPU
		{597D77E9-62B0-4EAE-94CF-CE802FD4AFEA}.Release|Any CPU.Build.0 = Release|Any CPU
		{A293AD15-1430-4857-AB49-8B360DECB9DE}.Debug|Any CPU.ActiveCfg = Debug|Any CPU
		{A293AD15-1430-4857-AB49-8B360DECB9DE}.Debug|Any CPU.Build.0 = Debug|Any CPU
		{A293AD15-1430-4857-AB49-8B360DECB9DE}.Release|Any CPU.ActiveCfg = Release|Any CPU
		{A293AD15-1430-4857-AB49-8B360DECB9DE}.Release|Any CPU.Build.0 = Release|Any CPU
	EndGlobalSection
	GlobalSection(SolutionProperties) = preSolution
		HideSolutionNode = FALSE
	EndGlobalSection
	GlobalSection(ExtensibilityGlobals) = postSolution
		SolutionGuid = {8B84F5AF-7062-4DBB-AE4C-A9595307C224}
	EndGlobalSection
EndGlobal
